
Microsoft Visual Studio Solution File, Format Version 12.00
# Visual Studio Version 17
VisualStudioVersion = 17.10.35013.160
MinimumVisualStudioVersion = 10.0.40219.1
Project("{9A19103F-16F7-4668-BE54-9A1E7A4F7556}") = "QueryLink", "QueryLink\QueryLink.csproj", "{F32E50A5-1073-4A41-8E0E-3317D7756561}"
EndProject
Project("{2150E333-8FDC-42A3-9474-1A3956D46DE8}") = "Solution Items", "Solution Items", "{E4EFDB94-67C1-4BA8-9AE6-061A0CA77D0E}"
	ProjectSection(SolutionItems) = preProject
		.gitignore = .gitignore
		LICENSE = LICENSE
		README.md = README.md
	EndProjectSection
EndProject
Project("{9A19103F-16F7-4668-BE54-9A1E7A4F7556}") = "QueryLink.Test", "QueryLink.Test\QueryLink.Test.csproj", "{7BEBB222-FADD-4506-95F8-0CC2E49B5904}"
EndProject
Global
	GlobalSection(SolutionConfigurationPlatforms) = preSolution
		Debug|Any CPU = Debug|Any CPU
		Release|Any CPU = Release|Any CPU
	EndGlobalSection
	GlobalSection(ProjectConfigurationPlatforms) = postSolution
		{F32E50A5-1073-4A41-8E0E-3317D7756561}.Debug|Any CPU.ActiveCfg = Debug|Any CPU
		{F32E50A5-1073-4A41-8E0E-3317D7756561}.Debug|Any CPU.Build.0 = Debug|Any CPU
		{F32E50A5-1073-4A41-8E0E-3317D7756561}.Release|Any CPU.ActiveCfg = Release|Any CPU
		{F32E50A5-1073-4A41-8E0E-3317D7756561}.Release|Any CPU.Build.0 = Release|Any CPU
		{7BEBB222-FADD-4506-95F8-0CC2E49B5904}.Debug|Any CPU.ActiveCfg = Debug|Any CPU
		{7BEBB222-FADD-4506-95F8-0CC2E49B5904}.Debug|Any CPU.Build.0 = Debug|Any CPU
		{7BEBB222-FADD-4506-95F8-0CC2E49B5904}.Release|Any CPU.ActiveCfg = Release|Any CPU
		{7BEBB222-FADD-4506-95F8-0CC2E49B5904}.Release|Any CPU.Build.0 = Release|Any CPU
	EndGlobalSection
	GlobalSection(SolutionProperties) = preSolution
		HideSolutionNode = FALSE
	EndGlobalSection
	GlobalSection(ExtensibilityGlobals) = postSolution
		SolutionGuid = {45E95CBE-0B5D-4FE3-BA79-50600228C1A5}
	EndGlobalSection
EndGlobal
